{
  "object": {
    "pins": [
      {
        "package": "AppsFlyerLib",
        "repositoryURL": "https://github.com/AppsFlyerSDK/AppsFlyerFramework",
        "state": {
          "branch": null,
          "revision": "8a7af41b39e30d25e3aa0267bef5d5792b5456b4",
          "version": "6.4.0"
        }
      },
      {
        "package": "IBPCollectionViewCompositionalLayout",
        "repositoryURL": "https://github.com/kishikawakatsumi/IBPCollectionViewCompositionalLayout",
        "state": {
          "branch": null,
          "revision": "bb5b8a20892eba40906f45b2b5e4266358b9501b",
          "version": "0.6.9"
        }
      }
    ]
  },
  "version": 1
}
