{
  "object": {
    "pins": [
      {
        "package": "AppsFlyerLib",
        "repositoryURL": "https://github.com/AppsFlyerSDK/AppsFlyerFramework",
        "state": {
          "branch": null,
          "revision": "8a7af41b39e30d25e3aa0267bef5d5792b5456b4",
          "version": "6.4.0"
        }
      }
    ]
  },
  "version": 1
}
